
Microsoft Visual Studio Solution File, Format Version 12.00
# Visual Studio Version 17
VisualStudioVersion = 17.0.31919.166
MinimumVisualStudioVersion = 10.0.40219.1
Project("{FAE04EC0-301F-11D3-BF4B-00C04F79EFBC}") = "IntroducaoCsharp.Net-DIO", "IntroducaoCsharp.Net-DIO\IntroducaoCsharp.Net-DIO.csproj", "{874F8DD2-B369-43FC-94BD-D50DD072284C}"
EndProject
Global
	GlobalSection(SolutionConfigurationPlatforms) = preSolution
		Debug|Any CPU = Debug|Any CPU
		Release|Any CPU = Release|Any CPU
	EndGlobalSection
	GlobalSection(ProjectConfigurationPlatforms) = postSolution
		{874F8DD2-B369-43FC-94BD-D50DD072284C}.Debug|Any CPU.ActiveCfg = Debug|Any CPU
		{874F8DD2-B369-43FC-94BD-D50DD072284C}.Debug|Any CPU.Build.0 = Debug|Any CPU
		{874F8DD2-B369-43FC-94BD-D50DD072284C}.Release|Any CPU.ActiveCfg = Release|Any CPU
		{874F8DD2-B369-43FC-94BD-D50DD072284C}.Release|Any CPU.Build.0 = Release|Any CPU
	EndGlobalSection
	GlobalSection(SolutionProperties) = preSolution
		HideSolutionNode = FALSE
	EndGlobalSection
	GlobalSection(ExtensibilityGlobals) = postSolution
		SolutionGuid = {1A9BC69C-863D-4164-8057-410886DC412D}
	EndGlobalSection
EndGlobal
